Microsoft Visual Studio Solution File, Format Version 12.00
# Visual Studio Version 17
VisualStudioVersion = 17.5.2.0
MinimumVisualStudioVersion = 10.0.40219.1
Project("{FAE04EC0-301F-11D3-BF4B-00C04F79EFBC}") = "BTLNhapMonCNPM", "BTLNhapMonCNPM.csproj", "{15136DD9-2379-F307-51E9-ACAFB2E45EBA}"
EndProject
Global
	GlobalSection(SolutionConfigurationPlatforms) = preSolution
		Debug|Any CPU = Debug|Any CPU
		Release|Any CPU = Release|Any CPU
	EndGlobalSection
	GlobalSection(ProjectConfigurationPlatforms) = postSolution
		{15136DD9-2379-F307-51E9-ACAFB2E45EBA}.Debug|Any CPU.ActiveCfg = Debug|Any CPU
		{15136DD9-2379-F307-51E9-ACAFB2E45EBA}.Debug|Any CPU.Build.0 = Debug|Any CPU
		{15136DD9-2379-F307-51E9-ACAFB2E45EBA}.Release|Any CPU.ActiveCfg = Release|Any CPU
		{15136DD9-2379-F307-51E9-ACAFB2E45EBA}.Release|Any CPU.Build.0 = Release|Any CPU
	EndGlobalSection
	GlobalSection(SolutionProperties) = preSolution
		HideSolutionNode = FALSE
	EndGlobalSection
	GlobalSection(ExtensibilityGlobals) = postSolution
		SolutionGuid = {C94AAD65-8E43-4ABF-8B8B-ABF4B21E492D}
	EndGlobalSection
EndGlobal
